
Microsoft Visual Studio Solution File, Format Version 12.00
# Visual Studio Version 17
VisualStudioVersion = 17.3.32922.545
MinimumVisualStudioVersion = 10.0.40219.1
Project("{9A19103F-16F7-4668-BE54-9A1E7A4F7556}") = "CSPharma-v4.1", "CSPharma-v4.1.csproj", "{7495CDE1-D711-4816-9340-294CB61F98ED}"
EndProject
Project("{9A19103F-16F7-4668-BE54-9A1E7A4F7556}") = "CSPharma-v4.1-DAL", "..\CSPharma-v4.1-DAL\CSPharma-v4.1-DAL.csproj", "{2BDC67F2-F5A5-4D05-B3DE-60B6E097B493}"
EndProject
Global
	GlobalSection(SolutionConfigurationPlatforms) = preSolution
		Debug|Any CPU = Debug|Any CPU
		Release|Any CPU = Release|Any CPU
	EndGlobalSection
	GlobalSection(ProjectConfigurationPlatforms) = postSolution
		{7495CDE1-D711-4816-9340-294CB61F98ED}.Debug|Any CPU.ActiveCfg = Debug|Any CPU
		{7495CDE1-D711-4816-9340-294CB61F98ED}.Debug|Any CPU.Build.0 = Debug|Any CPU
		{7495CDE1-D711-4816-9340-294CB61F98ED}.Release|Any CPU.ActiveCfg = Release|Any CPU
		{7495CDE1-D711-4816-9340-294CB61F98ED}.Release|Any CPU.Build.0 = Release|Any CPU
		{2BDC67F2-F5A5-4D05-B3DE-60B6E097B493}.Debug|Any CPU.ActiveCfg = Debug|Any CPU
		{2BDC67F2-F5A5-4D05-B3DE-60B6E097B493}.Debug|Any CPU.Build.0 = Debug|Any CPU
		{2BDC67F2-F5A5-4D05-B3DE-60B6E097B493}.Release|Any CPU.ActiveCfg = Release|Any CPU
		{2BDC67F2-F5A5-4D05-B3DE-60B6E097B493}.Release|Any CPU.Build.0 = Release|Any CPU
	EndGlobalSection
	GlobalSection(SolutionProperties) = preSolution
		HideSolutionNode = FALSE
	EndGlobalSection
	GlobalSection(ExtensibilityGlobals) = postSolution
		SolutionGuid = {C7C4265A-CFA7-431F-80AB-58D29A82D992}
	EndGlobalSection
EndGlobal
